// !$*UTF8*$!
{
	archiveVersion = 1;
	classes = {
	};
	objectVersion = 50;
	objects = {

/* Begin PBXBuildFile section */
		D1007D1E23040F0D00B0B283 /* main.swift in Sources */ = {isa = PBXBuildFile; fileRef = D1007D1D23040F0D00B0B283 /* main.swift */; };
		D1007D2523040F6100B0B283 /* Card.swift in Sources */ = {isa = PBXBuildFile; fileRef = D1007D2423040F6100B0B283 /* Card.swift */; };
		D1007D272304101F00B0B283 /* NumberCard.swift in Sources */ = {isa = PBXBuildFile; fileRef = D1007D262304101F00B0B283 /* NumberCard.swift */; };
		D1007D29230415F700B0B283 /* ReverseCard.swift in Sources */ = {isa = PBXBuildFile; fileRef = D1007D28230415F700B0B283 /* ReverseCard.swift */; };
		D1007D2F2304176800B0B283 /* Player.swift in Sources */ = {isa = PBXBuildFile; fileRef = D1007D2E2304176800B0B283 /* Player.swift */; };
		D1007D31230417B000B0B283 /* Game.swift in Sources */ = {isa = PBXBuildFile; fileRef = D1007D30230417B000B0B283 /* Game.swift */; };
		D1007D332304210800B0B283 /* Errors.swift in Sources */ = {isa = PBXBuildFile; fileRef = D1007D322304210800B0B283 /* Errors.swift */; };
		D1007D3B230429CA00B0B283 /* CardGameTests.swift in Sources */ = {isa = PBXBuildFile; fileRef = D1007D3A230429CA00B0B283 /* CardGameTests.swift */; };
		D1007D4023042A7A00B0B283 /* Card.swift in Sources */ = {isa = PBXBuildFile; fileRef = D1007D2423040F6100B0B283 /* Card.swift */; };
		D1007D4123042A7D00B0B283 /* Game.swift in Sources */ = {isa = PBXBuildFile; fileRef = D1007D30230417B000B0B283 /* Game.swift */; };
		D1007D4223042A8000B0B283 /* Errors.swift in Sources */ = {isa = PBXBuildFile; fileRef = D1007D322304210800B0B283 /* Errors.swift */; };
		D1007D4323042A8200B0B283 /* Player.swift in Sources */ = {isa = PBXBuildFile; fileRef = D1007D2E2304176800B0B283 /* Player.swift */; };
		D1007D4423042A8400B0B283 /* ReverseCard.swift in Sources */ = {isa = PBXBuildFile; fileRef = D1007D28230415F700B0B283 /* ReverseCard.swift */; };
		D1007D4523042A8700B0B283 /* NumberCard.swift in Sources */ = {isa = PBXBuildFile; fileRef = D1007D262304101F00B0B283 /* NumberCard.swift */; };
/* End PBXBuildFile section */

/* Begin PBXCopyFilesBuildPhase section */
		D1007D1823040F0D00B0B283 /* CopyFiles */ = {
			isa = PBXCopyFilesBuildPhase;
			buildActionMask = 2147483647;
			dstPath = /usr/share/man/man1/;
			dstSubfolderSpec = 0;
			files = (
			);
			runOnlyForDeploymentPostprocessing = 1;
		};
/* End PBXCopyFilesBuildPhase section */

/* Begin PBXFileReference section */
		D1007D1A23040F0D00B0B283 /* CardGame */ = {isa = PBXFileReference; explicitFileType = "compiled.mach-o.executable"; includeInIndex = 0; path = CardGame; sourceTree = BUILT_PRODUCTS_DIR; };
		D1007D1D23040F0D00B0B283 /* main.swift */ = {isa = PBXFileReference; lastKnownFileType = sourcecode.swift; path = main.swift; sourceTree = "<group>"; };
		D1007D2423040F6100B0B283 /* Card.swift */ = {isa = PBXFileReference; lastKnownFileType = sourcecode.swift; path = Card.swift; sourceTree = "<group>"; };
		D1007D262304101F00B0B283 /* NumberCard.swift */ = {isa = PBXFileReference; lastKnownFileType = sourcecode.swift; path = NumberCard.swift; sourceTree = "<group>"; };
		D1007D28230415F700B0B283 /* ReverseCard.swift */ = {isa = PBXFileReference; lastKnownFileType = sourcecode.swift; path = ReverseCard.swift; sourceTree = "<group>"; };
		D1007D2E2304176800B0B283 /* Player.swift */ = {isa = PBXFileReference; lastKnownFileType = sourcecode.swift; path = Player.swift; sourceTree = "<group>"; };
		D1007D30230417B000B0B283 /* Game.swift */ = {isa = PBXFileReference; lastKnownFileType = sourcecode.swift; path = Game.swift; sourceTree = "<group>"; };
		D1007D322304210800B0B283 /* Errors.swift */ = {isa = PBXFileReference; lastKnownFileType = sourcecode.swift; path = Errors.swift; sourceTree = "<group>"; };
		D1007D38230429CA00B0B283 /* CardGameTests.xctest */ = {isa = PBXFileReference; explicitFileType = wrapper.cfbundle; includeInIndex = 0; path = CardGameTests.xctest; sourceTree = BUILT_PRODUCTS_DIR; };
		D1007D3A230429CA00B0B283 /* CardGameTests.swift */ = {isa = PBXFileReference; lastKnownFileType = sourcecode.swift; path = CardGameTests.swift; sourceTree = "<group>"; };
		D1007D3C230429CA00B0B283 /* Info.plist */ = {isa = PBXFileReference; lastKnownFileType = text.plist.xml; path = Info.plist; sourceTree = "<group>"; };
/* End PBXFileReference section */

/* Begin PBXFrameworksBuildPhase section */
		D1007D1723040F0D00B0B283 /* Frameworks */ = {
			isa = PBXFrameworksBuildPhase;
			buildActionMask = 2147483647;
			files = (
			);
			runOnlyForDeploymentPostprocessing = 0;
		};
		D1007D35230429CA00B0B283 /* Frameworks */ = {
			isa = PBXFrameworksBuildPhase;
			buildActionMask = 2147483647;
			files = (
			);
			runOnlyForDeploymentPostprocessing = 0;
		};
/* End PBXFrameworksBuildPhase section */

/* Begin PBXGroup section */
		D1007D1123040F0D00B0B283 = {
			isa = PBXGroup;
			children = (
				D1007D1C23040F0D00B0B283 /* CardGame */,
				D1007D39230429CA00B0B283 /* CardGameTests */,
				D1007D1B23040F0D00B0B283 /* Products */,
			);
			sourceTree = "<group>";
		};
		D1007D1B23040F0D00B0B283 /* Products */ = {
			isa = PBXGroup;
			children = (
				D1007D1A23040F0D00B0B283 /* CardGame */,
				D1007D38230429CA00B0B283 /* CardGameTests.xctest */,
			);
			name = Products;
			sourceTree = "<group>";
		};
		D1007D1C23040F0D00B0B283 /* CardGame */ = {
			isa = PBXGroup;
			children = (
				D1007D1D23040F0D00B0B283 /* main.swift */,
				D1007D2423040F6100B0B283 /* Card.swift */,
				D1007D262304101F00B0B283 /* NumberCard.swift */,
				D1007D28230415F700B0B283 /* ReverseCard.swift */,
				D1007D2E2304176800B0B283 /* Player.swift */,
				D1007D30230417B000B0B283 /* Game.swift */,
				D1007D322304210800B0B283 /* Errors.swift */,
			);
			path = CardGame;
			sourceTree = "<group>";
		};
		D1007D39230429CA00B0B283 /* CardGameTests */ = {
			isa = PBXGroup;
			children = (
				D1007D3A230429CA00B0B283 /* CardGameTests.swift */,
				D1007D3C230429CA00B0B283 /* Info.plist */,
			);
			path = CardGameTests;
			sourceTree = "<group>";
		};
/* End PBXGroup section */

/* Begin PBXNativeTarget section */
		D1007D1923040F0D00B0B283 /* CardGame */ = {
			isa = PBXNativeTarget;
			buildConfigurationList = D1007D2123040F0D00B0B283 /* Build configuration list for PBXNativeTarget "CardGame" */;
			buildPhases = (
				D1007D1623040F0D00B0B283 /* Sources */,
				D1007D1723040F0D00B0B283 /* Frameworks */,
				D1007D1823040F0D00B0B283 /* CopyFiles */,
			);
			buildRules = (
			);
			dependencies = (
			);
			name = CardGame;
			productName = CardGame;
			productReference = D1007D1A23040F0D00B0B283 /* CardGame */;
			productType = "com.apple.product-type.tool";
		};
		D1007D37230429CA00B0B283 /* CardGameTests */ = {
			isa = PBXNativeTarget;
			buildConfigurationList = D1007D3D230429CA00B0B283 /* Build configuration list for PBXNativeTarget "CardGameTests" */;
			buildPhases = (
				D1007D34230429CA00B0B283 /* Sources */,
				D1007D35230429CA00B0B283 /* Frameworks */,
				D1007D36230429CA00B0B283 /* Resources */,
			);
			buildRules = (
			);
			dependencies = (
			);
			name = CardGameTests;
			productName = CardGameTests;
			productReference = D1007D38230429CA00B0B283 /* CardGameTests.xctest */;
			productType = "com.apple.product-type.bundle.unit-test";
		};
/* End PBXNativeTarget section */

/* Begin PBXProject section */
		D1007D1223040F0D00B0B283 /* Project object */ = {
			isa = PBXProject;
			attributes = {
				LastSwiftUpdateCheck = 1030;
				LastUpgradeCheck = 1030;
				ORGANIZATIONNAME = "Florian Preknya";
				TargetAttributes = {
					D1007D1923040F0D00B0B283 = {
						CreatedOnToolsVersion = 10.3;
					};
					D1007D37230429CA00B0B283 = {
						CreatedOnToolsVersion = 10.3;
					};
				};
			};
			buildConfigurationList = D1007D1523040F0D00B0B283 /* Build configuration list for PBXProject "CardGame" */;
			compatibilityVersion = "Xcode 9.3";
			developmentRegion = en;
			hasScannedForEncodings = 0;
			knownRegions = (
				en,
			);
			mainGroup = D1007D1123040F0D00B0B283;
			productRefGroup = D1007D1B23040F0D00B0B283 /* Products */;
			projectDirPath = "";
			projectRoot = "";
			targets = (
				D1007D1923040F0D00B0B283 /* CardGame */,
				D1007D37230429CA00B0B283 /* CardGameTests */,
			);
		};
/* End PBXProject section */

/* Begin PBXResourcesBuildPhase section */
		D1007D36230429CA00B0B283 /* Resources */ = {
			isa = PBXResourcesBuildPhase;
			buildActionMask = 2147483647;
			files = (
			);
			runOnlyForDeploymentPostprocessing = 0;
		};
/* End PBXResourcesBuildPhase section */

/* Begin PBXSourcesBuildPhase section */
		D1007D1623040F0D00B0B283 /* Sources */ = {
			isa = PBXSourcesBuildPhase;
			buildActionMask = 2147483647;
			files = (
				D1007D1E23040F0D00B0B283 /* main.swift in Sources */,
				D1007D31230417B000B0B283 /* Game.swift in Sources */,
				D1007D332304210800B0B283 /* Errors.swift in Sources */,
				D1007D272304101F00B0B283 /* NumberCard.swift in Sources */,
				D1007D29230415F700B0B283 /* ReverseCard.swift in Sources */,
				D1007D2F2304176800B0B283 /* Player.swift in Sources */,
				D1007D2523040F6100B0B283 /* Card.swift in Sources */,
			);
			runOnlyForDeploymentPostprocessing = 0;
		};
		D1007D34230429CA00B0B283 /* Sources */ = {
			isa = PBXSourcesBuildPhase;
			buildActionMask = 2147483647;
			files = (
				D1007D4223042A8000B0B283 /* Errors.swift in Sources */,
				D1007D3B230429CA00B0B283 /* CardGameTests.swift in Sources */,
				D1007D4523042A8700B0B283 /* NumberCard.swift in Sources */,
				D1007D4123042A7D00B0B283 /* Game.swift in Sources */,
				D1007D4323042A8200B0B283 /* Player.swift in Sources */,
				D1007D4423042A8400B0B283 /* ReverseCard.swift in Sources */,
				D1007D4023042A7A00B0B283 /* Card.swift in Sources */,
			);
			runOnlyForDeploymentPostprocessing = 0;
		};
/* End PBXSourcesBuildPhase section */

/* Begin XCBuildConfiguration section */
		D1007D1F23040F0D00B0B283 /* Debug */ = {
			isa = XCBuildConfiguration;
			buildSettings = {
				ALWAYS_SEARCH_USER_PATHS = NO;
				CLANG_ANALYZER_NONNULL = YES;
				CLANG_ANALYZER_NUMBER_OBJECT_CONVERSION = YES_AGGRESSIVE;
				CLANG_CXX_LANGUAGE_STANDARD = "gnu++14";
				CLANG_CXX_LIBRARY = "libc++";
				CLANG_ENABLE_MODULES = YES;
				CLANG_ENABLE_OBJC_ARC = YES;
				CLANG_ENABLE_OBJC_WEAK = YES;
				CLANG_WARN_BLOCK_CAPTURE_AUTORELEASING = YES;
				CLANG_WARN_BOOL_CONVERSION = YES;
				CLANG_WARN_COMMA = YES;
				CLANG_WARN_CONSTANT_CONVERSION = YES;
				CLANG_WARN_DEPRECATED_OBJC_IMPLEMENTATIONS = YES;
				CLANG_WARN_DIRECT_OBJC_ISA_USAGE = YES_ERROR;
				CLANG_WARN_DOCUMENTATION_COMMENTS = YES;
				CLANG_WARN_EMPTY_BODY = YES;
				CLANG_WARN_ENUM_CONVERSION = YES;
				CLANG_WARN_INFINITE_RECURSION = YES;
				CLANG_WARN_INT_CONVERSION = YES;
				CLANG_WARN_NON_LITERAL_NULL_CONVERSION = YES;
				CLANG_WARN_OBJC_IMPLICIT_RETAIN_SELF = YES;
				CLANG_WARN_OBJC_LITERAL_CONVERSION = YES;
				CLANG_WARN_OBJC_ROOT_CLASS = YES_ERROR;
				CLANG_WARN_RANGE_LOOP_ANALYSIS = YES;
				CLANG_WARN_STRICT_PROTOTYPES = YES;
				CLANG_WARN_SUSPICIOUS_MOVE = YES;
				CLANG_WARN_UNGUARDED_AVAILABILITY = YES_AGGRESSIVE;
				CLANG_WARN_UNREACHABLE_CODE = YES;
				CLANG_WARN__DUPLICATE_METHOD_MATCH = YES;
				CODE_SIGN_IDENTITY = "-";
				COPY_PHASE_STRIP = NO;
				DEBUG_INFORMATION_FORMAT = dwarf;
				ENABLE_STRICT_OBJC_MSGSEND = YES;
				ENABLE_TESTABILITY = YES;
				GCC_C_LANGUAGE_STANDARD = gnu11;
				GCC_DYNAMIC_NO_PIC = NO;
				GCC_NO_COMMON_BLOCKS = YES;
				GCC_OPTIMIZATION_LEVEL = 0;
				GCC_PREPROCESSOR_DEFINITIONS = (
					"DEBUG=1",
					"$(inherited)",
				);
				GCC_WARN_64_TO_32_BIT_CONVERSION = YES;
				GCC_WARN_ABOUT_RETURN_TYPE = YES_ERROR;
				GCC_WARN_UNDECLARED_SELECTOR = YES;
				GCC_WARN_UNINITIALIZED_AUTOS = YES_AGGRESSIVE;
				GCC_WARN_UNUSED_FUNCTION = YES;
				GCC_WARN_UNUSED_VARIABLE = YES;
				MACOSX_DEPLOYMENT_TARGET = 10.14;
				MTL_ENABLE_DEBUG_INFO = INCLUDE_SOURCE;
				MTL_FAST_MATH = YES;
				ONLY_ACTIVE_ARCH = YES;
				SDKROOT = macosx;
				SWIFT_ACTIVE_COMPILATION_CONDITIONS = DEBUG;
				SWIFT_OPTIMIZATION_LEVEL = "-Onone";
			};
			name = Debug;
		};
		D1007D2023040F0D00B0B283 /* Release */ = {
			isa = XCBuildConfiguration;
			buildSettings = {
				ALWAYS_SEARCH_USER_PATHS = NO;
				CLANG_ANALYZER_NONNULL = YES;
				CLANG_ANALYZER_NUMBER_OBJECT_CONVERSION = YES_AGGRESSIVE;
				CLANG_CXX_LANGUAGE_STANDARD = "gnu++14";
				CLANG_CXX_LIBRARY = "libc++";
				CLANG_ENABLE_MODULES = YES;
				CLANG_ENABLE_OBJC_ARC = YES;
				CLANG_ENABLE_OBJC_WEAK = YES;
				CLANG_WARN_BLOCK_CAPTURE_AUTORELEASING = YES;
				CLANG_WARN_BOOL_CONVERSION = YES;
				CLANG_WARN_COMMA = YES;
				CLANG_WARN_CONSTANT_CONVERSION = YES;
				CLANG_WARN_DEPRECATED_OBJC_IMPLEMENTATIONS = YES;
				CLANG_WARN_DIRECT_OBJC_ISA_USAGE = YES_ERROR;
				CLANG_WARN_DOCUMENTATION_COMMENTS = YES;
				CLANG_WARN_EMPTY_BODY = YES;
				CLANG_WARN_ENUM_CONVERSION = YES;
				CLANG_WARN_INFINITE_RECURSION = YES;
				CLANG_WARN_INT_CONVERSION = YES;
				CLANG_WARN_NON_LITERAL_NULL_CONVERSION = YES;
				CLANG_WARN_OBJC_IMPLICIT_RETAIN_SELF = YES;
				CLANG_WARN_OBJC_LITERAL_CONVERSION = YES;
				CLANG_WARN_OBJC_ROOT_CLASS = YES_ERROR;
				CLANG_WARN_RANGE_LOOP_ANALYSIS = YES;
				CLANG_WARN_STRICT_PROTOTYPES = YES;
				CLANG_WARN_SUSPICIOUS_MOVE = YES;
				CLANG_WARN_UNGUARDED_AVAILABILITY = YES_AGGRESSIVE;
				CLANG_WARN_UNREACHABLE_CODE = YES;
				CLANG_WARN__DUPLICATE_METHOD_MATCH = YES;
				CODE_SIGN_IDENTITY = "-";
				COPY_PHASE_STRIP = NO;
				DEBUG_INFORMATION_FORMAT = "dwarf-with-dsym";
				ENABLE_NS_ASSERTIONS = NO;
				ENABLE_STRICT_OBJC_MSGSEND = YES;
				GCC_C_LANGUAGE_STANDARD = gnu11;
				GCC_NO_COMMON_BLOCKS = YES;
				GCC_WARN_64_TO_32_BIT_CONVERSION = YES;
				GCC_WARN_ABOUT_RETURN_TYPE = YES_ERROR;
				GCC_WARN_UNDECLARED_SELECTOR = YES;
				GCC_WARN_UNINITIALIZED_AUTOS = YES_AGGRESSIVE;
				GCC_WARN_UNUSED_FUNCTION = YES;
				GCC_WARN_UNUSED_VARIABLE = YES;
				MACOSX_DEPLOYMENT_TARGET = 10.14;
				MTL_ENABLE_DEBUG_INFO = NO;
				MTL_FAST_MATH = YES;
				SDKROOT = macosx;
				SWIFT_COMPILATION_MODE = wholemodule;
				SWIFT_OPTIMIZATION_LEVEL = "-O";
			};
			name = Release;
		};
		D1007D2223040F0D00B0B283 /* Debug */ = {
			isa = XCBuildConfiguration;
			buildSettings = {
				CODE_SIGN_STYLE = Automatic;
				PRODUCT_NAME = "$(TARGET_NAME)";
				SWIFT_VERSION = 5.0;
			};
			name = Debug;
		};
		D1007D2323040F0D00B0B283 /* Release */ = {
			isa = XCBuildConfiguration;
			buildSettings = {
				CODE_SIGN_STYLE = Automatic;
				PRODUCT_NAME = "$(TARGET_NAME)";
				SWIFT_VERSION = 5.0;
			};
			name = Release;
		};
		D1007D3E230429CA00B0B283 /* Debug */ = {
			isa = XCBuildConfiguration;
			buildSettings = {
				CODE_SIGN_STYLE = Automatic;
				COMBINE_HIDPI_IMAGES = YES;
				DEVELOPMENT_TEAM = "";
				INFOPLIST_FILE = CardGameTests/Info.plist;
				LD_RUNPATH_SEARCH_PATHS = (
					"$(inherited)",
					"@executable_path/../Frameworks",
					"@loader_path/../Frameworks",
				);
				PRODUCT_BUNDLE_IDENTIFIER = com.pf.CardGameTests;
				PRODUCT_NAME = "$(TARGET_NAME)";
				SWIFT_VERSION = 5.0;
			};
			name = Debug;
		};
		D1007D3F230429CA00B0B283 /* Release */ = {
			isa = XCBuildConfiguration;
			buildSettings = {
				CODE_SIGN_STYLE = Automatic;
				COMBINE_HIDPI_IMAGES = YES;
				DEVELOPMENT_TEAM = "";
				INFOPLIST_FILE = CardGameTests/Info.plist;
				LD_RUNPATH_SEARCH_PATHS = (
					"$(inherited)",
					"@executable_path/../Frameworks",
					"@loader_path/../Frameworks",
				);
				PRODUCT_BUNDLE_IDENTIFIER = com.pf.CardGameTests;
				PRODUCT_NAME = "$(TARGET_NAME)";
				SWIFT_VERSION = 5.0;
			};
			name = Release;
		};
/* End XCBuildConfiguration section */

/* Begin XCConfigurationList section */
		D1007D1523040F0D00B0B283 /* Build configuration list for PBXProject "CardGame" */ = {
			isa = XCConfigurationList;
			buildConfigurations = (
				D1007D1F23040F0D00B0B283 /* Debug */,
				D1007D2023040F0D00B0B283 /* Release */,
			);
			defaultConfigurationIsVisible = 0;
			defaultConfigurationName = Release;
		};
		D1007D2123040F0D00B0B283 /* Build configuration list for PBXNativeTarget "CardGame" */ = {
			isa = XCConfigurationList;
			buildConfigurations = (
				D1007D2223040F0D00B0B283 /* Debug */,
				D1007D2323040F0D00B0B283 /* Release */,
			);
			defaultConfigurationIsVisible = 0;
			defaultConfigurationName = Release;
		};
		D1007D3D230429CA00B0B283 /* Build configuration list for PBXNativeTarget "CardGameTests" */ = {
			isa = XCConfigurationList;
			buildConfigurations = (
				D1007D3E230429CA00B0B283 /* Debug */,
				D1007D3F230429CA00B0B283 /* Release */,
			);
			defaultConfigurationIsVisible = 0;
			defaultConfigurationName = Release;
		};
/* End XCConfigurationList section */
	};
	rootObject = D1007D1223040F0D00B0B283 /* Project object */;
}
